// !$*UTF8*$!
{
	archiveVersion = 1;
	classes = {
	};
	objectVersion = 46;
	objects = {

/* Begin PBXBuildFile section */
		184FEA3D0DEF6D4D00887625 /* SWPUnitConverterTableViewController.m in Sources */ = {isa = PBXBuildFile; fileRef = 184FEA380DEF6D4D00887625 /* SWPUnitConverterTableViewController.m */; };
		184FEA3E0DEF6D4D00887625 /* SWPWeightConverterViewController.m in Sources */ = {isa = PBXBuildFile; fileRef = 184FEA3A0DEF6D4D00887625 /* SWPWeightConverterViewController.m */; };
		184FEA3F0DEF6D4D00887625 /* SWPTemperatureConverterViewController.m in Sources */ = {isa = PBXBuildFile; fileRef = 184FEA3B0DEF6D4D00887625 /* SWPTemperatureConverterViewController.m */; };
		1D3623260D0F684500981E51 /* SWPRecipesAppDelegate.m in Sources */ = {isa = PBXBuildFile; fileRef = 1D3623250D0F684500981E51 /* SWPRecipesAppDelegate.m */; };
		1D60589B0D05DD56006BFB54 /* main.m in Sources */ = {isa = PBXBuildFile; fileRef = 29B97316FDCFA39411CA2CEA /* main.m */; };
		280CEB6C0E38093400021185 /* SWPImperialPickerController.m in Sources */ = {isa = PBXBuildFile; fileRef = 280CEB690E38093400021185 /* SWPImperialPickerController.m */; };
		280CEB6D0E38093400021185 /* SWPMetricPickerController.m in Sources */ = {isa = PBXBuildFile; fileRef = 280CEB6B0E38093400021185 /* SWPMetricPickerController.m */; };
		282FFCBB0FC8AAB500A28FE2 /* Recipes.sqlite in Resources */ = {isa = PBXBuildFile; fileRef = 282FFCBA0FC8AAB500A28FE2 /* Recipes.sqlite */; };
		283EA3640DEE388300DBD352 /* SWPRecipeTableViewCell.m in Sources */ = {isa = PBXBuildFile; fileRef = 283EA3630DEE388300DBD352 /* SWPRecipeTableViewCell.m */; };
		2858E6570FC63C2500DEACE0 /* SWPRecipeDetailViewController.m in Sources */ = {isa = PBXBuildFile; fileRef = 180F09150DCA9C0500D424D6 /* SWPRecipeDetailViewController.m */; };
		2858E66B0FC6404C00DEACE0 /* SWPInstructionsViewController.m in Sources */ = {isa = PBXBuildFile; fileRef = 286DD99F0DE747BF005EF016 /* SWPInstructionsViewController.m */; };
		2858E70B0FC6583300DEACE0 /* SWPIngredient.m in Sources */ = {isa = PBXBuildFile; fileRef = 2858E70A0FC6583300DEACE0 /* SWPIngredient.m */; };
		28963B450DFC7F5F005CC955 /* SWPTemperatureCell.m in Sources */ = {isa = PBXBuildFile; fileRef = 28963B440DFC7F5F005CC955 /* SWPTemperatureCell.m */; };
		28963B800DFC8214005CC955 /* TemperatureData.plist in Resources */ = {isa = PBXBuildFile; fileRef = 28963B7F0DFC8214005CC955 /* TemperatureData.plist */; };
		28B35EC40FC5DCD100ED0C40 /* CoreData.framework in Frameworks */ = {isa = PBXBuildFile; fileRef = 28B35EC30FC5DCD100ED0C40 /* CoreData.framework */; };
		28B35EC60FC5DCD100ED0C40 /* CoreGraphics.framework in Frameworks */ = {isa = PBXBuildFile; fileRef = 28B35EC50FC5DCD100ED0C40 /* CoreGraphics.framework */; };
		28B35EC80FC5DCD100ED0C40 /* Foundation.framework in Frameworks */ = {isa = PBXBuildFile; fileRef = 28B35EC70FC5DCD100ED0C40 /* Foundation.framework */; };
		28B35FB70FC5E10C00ED0C40 /* UIKit.framework in Frameworks */ = {isa = PBXBuildFile; fileRef = 28B35EC90FC5DCD100ED0C40 /* UIKit.framework */; };
		28FCBE7A0DE69516007A15C7 /* SWPRecipe.m in Sources */ = {isa = PBXBuildFile; fileRef = 28FCBE790DE69516007A15C7 /* SWPRecipe.m */; };
		28FCBF0C0DE6A6C6007A15C7 /* SWPRecipeListTableViewController.m in Sources */ = {isa = PBXBuildFile; fileRef = 28FCBF0B0DE6A6C6007A15C7 /* SWPRecipeListTableViewController.m */; };
		539FF19C11D41CB200EFF5ED /* Icon-72.png in Resources */ = {isa = PBXBuildFile; fileRef = 539FF19511D41CB200EFF5ED /* Icon-72.png */; };
		539FF19D11D41CB200EFF5ED /* Icon-Small-50.png in Resources */ = {isa = PBXBuildFile; fileRef = 539FF19611D41CB200EFF5ED /* Icon-Small-50.png */; };
		539FF19E11D41CB200EFF5ED /* Icon-Small.png in Resources */ = {isa = PBXBuildFile; fileRef = 539FF19711D41CB200EFF5ED /* Icon-Small.png */; };
		539FF19F11D41CB200EFF5ED /* Icon-Small@2x.png in Resources */ = {isa = PBXBuildFile; fileRef = 539FF19811D41CB200EFF5ED /* Icon-Small@2x.png */; };
		539FF1A011D41CB200EFF5ED /* Icon.png in Resources */ = {isa = PBXBuildFile; fileRef = 539FF19911D41CB200EFF5ED /* Icon.png */; };
		539FF1A111D41CB200EFF5ED /* Icon@2x.png in Resources */ = {isa = PBXBuildFile; fileRef = 539FF19A11D41CB200EFF5ED /* Icon@2x.png */; };
		539FF1A211D41CB200EFF5ED /* iTunesArtwork in Resources */ = {isa = PBXBuildFile; fileRef = 539FF19B11D41CB200EFF5ED /* iTunesArtwork */; };
		53CE978611C6E99200594C94 /* MainWindow.xib in Resources */ = {isa = PBXBuildFile; fileRef = 53CE978411C6E99200594C94 /* MainWindow.xib */; };
		53CE978911C6E9A200594C94 /* DetailHeaderView.xib in Resources */ = {isa = PBXBuildFile; fileRef = 53CE978711C6E9A200594C94 /* DetailHeaderView.xib */; };
		53CE978F11C6E9DC00594C94 /* InstructionsView.xib in Resources */ = {isa = PBXBuildFile; fileRef = 53CE978D11C6E9DC00594C94 /* InstructionsView.xib */; };
		53CE979211C6E9E800594C94 /* TemperatureConverter.xib in Resources */ = {isa = PBXBuildFile; fileRef = 53CE979011C6E9E800594C94 /* TemperatureConverter.xib */; };
		53CE979511C6E9EF00594C94 /* WeightConverter.xib in Resources */ = {isa = PBXBuildFile; fileRef = 53CE979311C6E9EF00594C94 /* WeightConverter.xib */; };
		53CE979B11C6EA0600594C94 /* TemperatureCell.xib in Resources */ = {isa = PBXBuildFile; fileRef = 53CE979911C6EA0600594C94 /* TemperatureCell.xib */; };
		F6334B06140221470012ADD5 /* ChocolateCake.png in Resources */ = {isa = PBXBuildFile; fileRef = F6334AFF140221470012ADD5 /* ChocolateCake.png */; };
		F6334B07140221470012ADD5 /* CrepesSuzette.png in Resources */ = {isa = PBXBuildFile; fileRef = F6334B00140221470012ADD5 /* CrepesSuzette.png */; };
		F6334B08140221470012ADD5 /* GaufresdeLiege.png in Resources */ = {isa = PBXBuildFile; fileRef = F6334B01140221470012ADD5 /* GaufresdeLiege.png */; };
		F6334B0A140221470012ADD5 /* Macarons.png in Resources */ = {isa = PBXBuildFile; fileRef = F6334B03140221470012ADD5 /* Macarons.png */; };
		F6334B0B140221470012ADD5 /* TarteauxFraises.png in Resources */ = {isa = PBXBuildFile; fileRef = F6334B04140221470012ADD5 /* TarteauxFraises.png */; };
		F6334B0C140221470012ADD5 /* ThreeBerryCobbler.png in Resources */ = {isa = PBXBuildFile; fileRef = F6334B05140221470012ADD5 /* ThreeBerryCobbler.png */; };
		F6334B0E140228570012ADD5 /* Cheesecake.png in Resources */ = {isa = PBXBuildFile; fileRef = F6334B0D140228570012ADD5 /* Cheesecake.png */; };
		F6516D3413FF7D690022E6CE /* QuartzCore.framework in Frameworks */ = {isa = PBXBuildFile; fileRef = F6516D3313FF7D690022E6CE /* QuartzCore.framework */; };
		F69F5B3314032CEE000EF070 /* base.xcconfig in Resources */ = {isa = PBXBuildFile; fileRef = F69F5B3214032CEE000EF070 /* base.xcconfig */; };
		F69F5B3514033951000EF070 /* RecipesV1toV2.xcmappingmodel in Sources */ = {isa = PBXBuildFile; fileRef = F69F5B3414033951000EF070 /* RecipesV1toV2.xcmappingmodel */; };
		F69F5B38140339B9000EF070 /* SWPExtractImagesMigrationPolicy.m in Sources */ = {isa = PBXBuildFile; fileRef = F69F5B37140339B9000EF070 /* SWPExtractImagesMigrationPolicy.m */; };
		F69F5B3D14035EBA000EF070 /* SWPTexturedNavigationBar.m in Sources */ = {isa = PBXBuildFile; fileRef = F69F5B3C14035EBA000EF070 /* SWPTexturedNavigationBar.m */; };
		F69F5B3F14036565000EF070 /* navigation-background@2x.png in Resources */ = {isa = PBXBuildFile; fileRef = F69F5B3E14036565000EF070 /* navigation-background@2x.png */; };
		F6B657891401D44C008DE9CD /* Recipes.xcdatamodeld in Sources */ = {isa = PBXBuildFile; fileRef = F66BD8491401D03200A2F113 /* Recipes.xcdatamodeld */; };
/* End PBXBuildFile section */

/* Begin PBXFileReference section */
		180F09140DCA9C0500D424D6 /* SWPRecipeDetailViewController.h */ = {isa = PBXFileReference; fileEncoding = 4; lastKnownFileType = sourcecode.c.h; path = SWPRecipeDetailViewController.h; sourceTree = "<group>"; };
		180F09150DCA9C0500D424D6 /* SWPRecipeDetailViewController.m */ = {isa = PBXFileReference; fileEncoding = 4; lastKnownFileType = sourcecode.c.objc; path = SWPRecipeDetailViewController.m; sourceTree = "<group>"; };
		184FEA370DEF6D4D00887625 /* SWPUnitConverterTableViewController.h */ = {isa = PBXFileReference; fileEncoding = 4; lastKnownFileType = sourcecode.c.h; name = SWPUnitConverterTableViewController.h; path = Classes/SWPUnitConverterTableViewController.h; sourceTree = "<group>"; };
		184FEA380DEF6D4D00887625 /* SWPUnitConverterTableViewController.m */ = {isa = PBXFileReference; fileEncoding = 4; lastKnownFileType = sourcecode.c.objc; name = SWPUnitConverterTableViewController.m; path = Classes/SWPUnitConverterTableViewController.m; sourceTree = "<group>"; };
		184FEA390DEF6D4D00887625 /* SWPWeightConverterViewController.h */ = {isa = PBXFileReference; fileEncoding = 4; lastKnownFileType = sourcecode.c.h; name = SWPWeightConverterViewController.h; path = Classes/SWPWeightConverterViewController.h; sourceTree = "<group>"; };
		184FEA3A0DEF6D4D00887625 /* SWPWeightConverterViewController.m */ = {isa = PBXFileReference; fileEncoding = 4; lastKnownFileType = sourcecode.c.objc; name = SWPWeightConverterViewController.m; path = Classes/SWPWeightConverterViewController.m; sourceTree = "<group>"; };
		184FEA3B0DEF6D4D00887625 /* SWPTemperatureConverterViewController.m */ = {isa = PBXFileReference; fileEncoding = 4; lastKnownFileType = sourcecode.c.objc; name = SWPTemperatureConverterViewController.m; path = Classes/SWPTemperatureConverterViewController.m; sourceTree = "<group>"; };
		184FEA3C0DEF6D4D00887625 /* SWPTemperatureConverterViewController.h */ = {isa = PBXFileReference; fileEncoding = 4; lastKnownFileType = sourcecode.c.h; name = SWPTemperatureConverterViewController.h; path = Classes/SWPTemperatureConverterViewController.h; sourceTree = "<group>"; };
		1D3623240D0F684500981E51 /* SWPRecipesAppDelegate.h */ = {isa = PBXFileReference; fileEncoding = 4; lastKnownFileType = sourcecode.c.h; name = SWPRecipesAppDelegate.h; path = Classes/SWPRecipesAppDelegate.h; sourceTree = "<group>"; };
		1D3623250D0F684500981E51 /* SWPRecipesAppDelegate.m */ = {isa = PBXFileReference; fileEncoding = 4; lastKnownFileType = sourcecode.c.objc; name = SWPRecipesAppDelegate.m; path = Classes/SWPRecipesAppDelegate.m; sourceTree = "<group>"; };
		1D6058910D05DD3D006BFB54 /* Recipes.app */ = {isa = PBXFileReference; explicitFileType = wrapper.application; includeInIndex = 0; path = Recipes.app; sourceTree = BUILT_PRODUCTS_DIR; };
		280CEB680E38093400021185 /* SWPImperialPickerController.h */ = {isa = PBXFileReference; fileEncoding = 4; lastKnownFileType = sourcecode.c.h; name = SWPImperialPickerController.h; path = Classes/SWPImperialPickerController.h; sourceTree = "<group>"; };
		280CEB690E38093400021185 /* SWPImperialPickerController.m */ = {isa = PBXFileReference; fileEncoding = 4; lastKnownFileType = sourcecode.c.objc; name = SWPImperialPickerController.m; path = Classes/SWPImperialPickerController.m; sourceTree = "<group>"; };
		280CEB6A0E38093400021185 /* SWPMetricPickerController.h */ = {isa = PBXFileReference; fileEncoding = 4; lastKnownFileType = sourcecode.c.h; name = SWPMetricPickerController.h; path = Classes/SWPMetricPickerController.h; sourceTree = "<group>"; };
		280CEB6B0E38093400021185 /* SWPMetricPickerController.m */ = {isa = PBXFileReference; fileEncoding = 4; lastKnownFileType = sourcecode.c.objc; name = SWPMetricPickerController.m; path = Classes/SWPMetricPickerController.m; sourceTree = "<group>"; };
		282FFCBA0FC8AAB500A28FE2 /* Recipes.sqlite */ = {isa = PBXFileReference; lastKnownFileType = file; name = Recipes.sqlite; path = RecipeData/Recipes.sqlite; sourceTree = "<group>"; };
		283EA3620DEE388300DBD352 /* SWPRecipeTableViewCell.h */ = {isa = PBXFileReference; fileEncoding = 4; lastKnownFileType = sourcecode.c.h; name = SWPRecipeTableViewCell.h; path = Classes/SWPRecipeTableViewCell.h; sourceTree = "<group>"; };
		283EA3630DEE388300DBD352 /* SWPRecipeTableViewCell.m */ = {isa = PBXFileReference; fileEncoding = 4; lastKnownFileType = sourcecode.c.objc; name = SWPRecipeTableViewCell.m; path = Classes/SWPRecipeTableViewCell.m; sourceTree = "<group>"; };
		2858E7090FC6583300DEACE0 /* SWPIngredient.h */ = {isa = PBXFileReference; fileEncoding = 4; lastKnownFileType = sourcecode.c.h; name = SWPIngredient.h; path = Classes/SWPIngredient.h; sourceTree = "<group>"; };
		2858E70A0FC6583300DEACE0 /* SWPIngredient.m */ = {isa = PBXFileReference; fileEncoding = 4; lastKnownFileType = sourcecode.c.objc; name = SWPIngredient.m; path = Classes/SWPIngredient.m; sourceTree = "<group>"; };
		286DD99E0DE747BF005EF016 /* SWPInstructionsViewController.h */ = {isa = PBXFileReference; fileEncoding = 4; lastKnownFileType = sourcecode.c.h; path = SWPInstructionsViewController.h; sourceTree = "<group>"; };
		286DD99F0DE747BF005EF016 /* SWPInstructionsViewController.m */ = {isa = PBXFileReference; fileEncoding = 4; lastKnownFileType = sourcecode.c.objc; path = SWPInstructionsViewController.m; sourceTree = "<group>"; };
		28963B430DFC7F5F005CC955 /* SWPTemperatureCell.h */ = {isa = PBXFileReference; fileEncoding = 4; lastKnownFileType = sourcecode.c.h; name = SWPTemperatureCell.h; path = Classes/SWPTemperatureCell.h; sourceTree = "<group>"; };
		28963B440DFC7F5F005CC955 /* SWPTemperatureCell.m */ = {isa = PBXFileReference; fileEncoding = 4; lastKnownFileType = sourcecode.c.objc; name = SWPTemperatureCell.m; path = Classes/SWPTemperatureCell.m; sourceTree = "<group>"; };
		28963B7F0DFC8214005CC955 /* TemperatureData.plist */ = {isa = PBXFileReference; fileEncoding = 4; lastKnownFileType = text.plist.xml; name = TemperatureData.plist; path = RecipeData/TemperatureData.plist; sourceTree = "<group>"; };
		28B35EC30FC5DCD100ED0C40 /* CoreData.framework */ = {isa = PBXFileReference; lastKnownFileType = wrapper.framework; name = CoreData.framework; path = System/Library/Frameworks/CoreData.framework; sourceTree = SDKROOT; };
		28B35EC50FC5DCD100ED0C40 /* CoreGraphics.framework */ = {isa = PBXFileReference; lastKnownFileType = wrapper.framework; name = CoreGraphics.framework; path = System/Library/Frameworks/CoreGraphics.framework; sourceTree = SDKROOT; };
		28B35EC70FC5DCD100ED0C40 /* Foundation.framework */ = {isa = PBXFileReference; lastKnownFileType = wrapper.framework; name = Foundation.framework; path = System/Library/Frameworks/Foundation.framework; sourceTree = SDKROOT; };
		28B35EC90FC5DCD100ED0C40 /* UIKit.framework */ = {isa = PBXFileReference; lastKnownFileType = wrapper.framework; name = UIKit.framework; path = System/Library/Frameworks/UIKit.framework; sourceTree = SDKROOT; };
		28CB440A0DF7129800C7BCF9 /* README */ = {isa = PBXFileReference; fileEncoding = 4; lastKnownFileType = text; path = README; sourceTree = "<group>"; };
		28FCBE780DE69516007A15C7 /* SWPRecipe.h */ = {isa = PBXFileReference; fileEncoding = 4; lastKnownFileType = sourcecode.c.h; name = SWPRecipe.h; path = Classes/SWPRecipe.h; sourceTree = "<group>"; };
		28FCBE790DE69516007A15C7 /* SWPRecipe.m */ = {isa = PBXFileReference; fileEncoding = 4; lastKnownFileType = sourcecode.c.objc; name = SWPRecipe.m; path = Classes/SWPRecipe.m; sourceTree = "<group>"; };
		28FCBF0A0DE6A6C6007A15C7 /* SWPRecipeListTableViewController.h */ = {isa = PBXFileReference; fileEncoding = 4; lastKnownFileType = sourcecode.c.h; path = SWPRecipeListTableViewController.h; sourceTree = "<group>"; };
		28FCBF0B0DE6A6C6007A15C7 /* SWPRecipeListTableViewController.m */ = {isa = PBXFileReference; fileEncoding = 4; lastKnownFileType = sourcecode.c.objc; path = SWPRecipeListTableViewController.m; sourceTree = "<group>"; };
		29B97316FDCFA39411CA2CEA /* main.m */ = {isa = PBXFileReference; fileEncoding = 4; lastKnownFileType = sourcecode.c.objc; path = main.m; sourceTree = "<group>"; };
		32CA4F630368D1EE00C91783 /* Recipes_Prefix.pch */ = {isa = PBXFileReference; fileEncoding = 4; lastKnownFileType = sourcecode.c.h; path = Recipes_Prefix.pch; sourceTree = "<group>"; };
		539FF19511D41CB200EFF5ED /* Icon-72.png */ = {isa = PBXFileReference; lastKnownFileType = image.png; name = "Icon-72.png"; path = "images/Icon-72.png"; sourceTree = "<group>"; };
		539FF19611D41CB200EFF5ED /* Icon-Small-50.png */ = {isa = PBXFileReference; lastKnownFileType = image.png; name = "Icon-Small-50.png"; path = "images/Icon-Small-50.png"; sourceTree = "<group>"; };
		539FF19711D41CB200EFF5ED /* Icon-Small.png */ = {isa = PBXFileReference; lastKnownFileType = image.png; name = "Icon-Small.png"; path = "images/Icon-Small.png"; sourceTree = "<group>"; };
		539FF19811D41CB200EFF5ED /* Icon-Small@2x.png */ = {isa = PBXFileReference; lastKnownFileType = image.png; name = "Icon-Small@2x.png"; path = "images/Icon-Small@2x.png"; sourceTree = "<group>"; };
		539FF19911D41CB200EFF5ED /* Icon.png */ = {isa = PBXFileReference; lastKnownFileType = image.png; name = Icon.png; path = images/Icon.png; sourceTree = "<group>"; };
		539FF19A11D41CB200EFF5ED /* Icon@2x.png */ = {isa = PBXFileReference; lastKnownFileType = image.png; name = "Icon@2x.png"; path = "images/Icon@2x.png"; sourceTree = "<group>"; };
		539FF19B11D41CB200EFF5ED /* iTunesArtwork */ = {isa = PBXFileReference; lastKnownFileType = file; name = iTunesArtwork; path = images/iTunesArtwork; sourceTree = "<group>"; };
		53CE978511C6E99200594C94 /* en */ = {isa = PBXFileReference; lastKnownFileType = file.xib; name = en; path = en.lproj/MainWindow.xib; sourceTree = "<group>"; };
		53CE978811C6E9A200594C94 /* en */ = {isa = PBXFileReference; lastKnownFileType = file.xib; name = en; path = en.lproj/DetailHeaderView.xib; sourceTree = SOURCE_ROOT; };
		53CE978E11C6E9DC00594C94 /* en */ = {isa = PBXFileReference; lastKnownFileType = file.xib; name = en; path = en.lproj/InstructionsView.xib; sourceTree = SOURCE_ROOT; };
		53CE979111C6E9E800594C94 /* en */ = {isa = PBXFileReference; lastKnownFileType = file.xib; name = en; path = en.lproj/TemperatureConverter.xib; sourceTree = "<group>"; };
		53CE979411C6E9EF00594C94 /* en */ = {isa = PBXFileReference; lastKnownFileType = file.xib; name = en; path = en.lproj/WeightConverter.xib; sourceTree = "<group>"; };
		53CE979A11C6EA0600594C94 /* en */ = {isa = PBXFileReference; lastKnownFileType = file.xib; name = en; path = en.lproj/TemperatureCell.xib; sourceTree = "<group>"; };
		8D1107310486CEB800E47090 /* Info.plist */ = {isa = PBXFileReference; fileEncoding = 4; lastKnownFileType = text.plist.xml; path = Info.plist; sourceTree = "<group>"; };
		F6334AFF140221470012ADD5 /* ChocolateCake.png */ = {isa = PBXFileReference; lastKnownFileType = image.png; name = ChocolateCake.png; path = RecipeData/images/ChocolateCake.png; sourceTree = "<group>"; };
		F6334B00140221470012ADD5 /* CrepesSuzette.png */ = {isa = PBXFileReference; lastKnownFileType = image.png; name = CrepesSuzette.png; path = RecipeData/images/CrepesSuzette.png; sourceTree = "<group>"; };
		F6334B01140221470012ADD5 /* GaufresdeLiege.png */ = {isa = PBXFileReference; lastKnownFileType = image.png; name = GaufresdeLiege.png; path = RecipeData/images/GaufresdeLiege.png; sourceTree = "<group>"; };
		F6334B03140221470012ADD5 /* Macarons.png */ = {isa = PBXFileReference; lastKnownFileType = image.png; name = Macarons.png; path = RecipeData/images/Macarons.png; sourceTree = "<group>"; };
		F6334B04140221470012ADD5 /* TarteauxFraises.png */ = {isa = PBXFileReference; lastKnownFileType = image.png; name = TarteauxFraises.png; path = RecipeData/images/TarteauxFraises.png; sourceTree = "<group>"; };
		F6334B05140221470012ADD5 /* ThreeBerryCobbler.png */ = {isa = PBXFileReference; lastKnownFileType = image.png; name = ThreeBerryCobbler.png; path = RecipeData/images/ThreeBerryCobbler.png; sourceTree = "<group>"; };
		F6334B0D140228570012ADD5 /* Cheesecake.png */ = {isa = PBXFileReference; lastKnownFileType = image.png; name = Cheesecake.png; path = RecipeData/images/Cheesecake.png; sourceTree = "<group>"; };
		F6516D3313FF7D690022E6CE /* QuartzCore.framework */ = {isa = PBXFileReference; lastKnownFileType = wrapper.framework; name = QuartzCore.framework; path = System/Library/Frameworks/QuartzCore.framework; sourceTree = SDKROOT; };
		F66BD84A1401D03200A2F113 /* Recipesv2.xcdatamodel */ = {isa = PBXFileReference; lastKnownFileType = wrapper.xcdatamodel; path = Recipesv2.xcdatamodel; sourceTree = "<group>"; };
		F66BD84B1401D03200A2F113 /* Recipes.xcdatamodel */ = {isa = PBXFileReference; lastKnownFileType = wrapper.xcdatamodel; path = Recipes.xcdatamodel; sourceTree = "<group>"; };
		F69F5B3214032CEE000EF070 /* base.xcconfig */ = {isa = PBXFileReference; fileEncoding = 4; lastKnownFileType = text.xcconfig; path = base.xcconfig; sourceTree = "<group>"; };
		F69F5B3414033951000EF070 /* RecipesV1toV2.xcmappingmodel */ = {isa = PBXFileReference; lastKnownFileType = wrapper.xcmappingmodel; path = RecipesV1toV2.xcmappingmodel; sourceTree = "<group>"; };
		F69F5B36140339B9000EF070 /* SWPExtractImagesMigrationPolicy.h */ = {isa = PBXFileReference; fileEncoding = 4; lastKnownFileType = sourcecode.c.h; name = SWPExtractImagesMigrationPolicy.h; path = Classes/SWPExtractImagesMigrationPolicy.h; sourceTree = "<group>"; };
		F69F5B37140339B9000EF070 /* SWPExtractImagesMigrationPolicy.m */ = {isa = PBXFileReference; fileEncoding = 4; lastKnownFileType = sourcecode.c.objc; name = SWPExtractImagesMigrationPolicy.m; path = Classes/SWPExtractImagesMigrationPolicy.m; sourceTree = "<group>"; };
		F69F5B3B14035EBA000EF070 /* SWPTexturedNavigationBar.h */ = {isa = PBXFileReference; fileEncoding = 4; lastKnownFileType = sourcecode.c.h; name = SWPTexturedNavigationBar.h; path = Classes/SWPTexturedNavigationBar.h; sourceTree = "<group>"; };
		F69F5B3C14035EBA000EF070 /* SWPTexturedNavigationBar.m */ = {isa = PBXFileReference; fileEncoding = 4; lastKnownFileType = sourcecode.c.objc; name = SWPTexturedNavigationBar.m; path = Classes/SWPTexturedNavigationBar.m; sourceTree = "<group>"; };
		F69F5B3E14036565000EF070 /* navigation-background@2x.png */ = {isa = PBXFileReference; lastKnownFileType = image.png; name = "navigation-background@2x.png"; path = "images/navigation-background@2x.png"; sourceTree = "<group>"; };
/* End PBXFileReference section */

/* Begin PBXFrameworksBuildPhase section */
		1D60588F0D05DD3D006BFB54 /* Frameworks */ = {
			isa = PBXFrameworksBuildPhase;
			buildActionMask = 2147483647;
			files = (
				F6516D3413FF7D690022E6CE /* QuartzCore.framework in Frameworks */,
				28B35EC40FC5DCD100ED0C40 /* CoreData.framework in Frameworks */,
				28B35EC60FC5DCD100ED0C40 /* CoreGraphics.framework in Frameworks */,
				28B35EC80FC5DCD100ED0C40 /* Foundation.framework in Frameworks */,
				28B35FB70FC5E10C00ED0C40 /* UIKit.framework in Frameworks */,
			);
			runOnlyForDeploymentPostprocessing = 0;
		};
/* End PBXFrameworksBuildPhase section */

/* Begin PBXGroup section */
		080E96DDFE201D6D7F000001 /* Recipe View Controllers */ = {
			isa = PBXGroup;
			children = (
				28FCBF0A0DE6A6C6007A15C7 /* SWPRecipeListTableViewController.h */,
				28FCBF0B0DE6A6C6007A15C7 /* SWPRecipeListTableViewController.m */,
				180F09140DCA9C0500D424D6 /* SWPRecipeDetailViewController.h */,
				180F09150DCA9C0500D424D6 /* SWPRecipeDetailViewController.m */,
				53CE978711C6E9A200594C94 /* DetailHeaderView.xib */,
				286DD99E0DE747BF005EF016 /* SWPInstructionsViewController.h */,
				286DD99F0DE747BF005EF016 /* SWPInstructionsViewController.m */,
				53CE978D11C6E9DC00594C94 /* InstructionsView.xib */,
			);
			name = "Recipe View Controllers";
			path = Classes;
			sourceTree = "<group>";
		};
		19C28FACFE9D520D11CA2CBB /* Products */ = {
			isa = PBXGroup;
			children = (
				1D6058910D05DD3D006BFB54 /* Recipes.app */,
			);
			name = Products;
			sourceTree = "<group>";
		};
		286DDA180DE761A2005EF016 /* MainWindow */ = {
			isa = PBXGroup;
			children = (
				1D3623240D0F684500981E51 /* SWPRecipesAppDelegate.h */,
				1D3623250D0F684500981E51 /* SWPRecipesAppDelegate.m */,
				53CE978411C6E99200594C94 /* MainWindow.xib */,
			);
			name = MainWindow;
			sourceTree = "<group>";
		};
		28E87BED0DF21E0D00EE412E /* Converter View Controllers */ = {
			isa = PBXGroup;
			children = (
				184FEA370DEF6D4D00887625 /* SWPUnitConverterTableViewController.h */,
				184FEA380DEF6D4D00887625 /* SWPUnitConverterTableViewController.m */,
				184FEA3C0DEF6D4D00887625 /* SWPTemperatureConverterViewController.h */,
				184FEA3B0DEF6D4D00887625 /* SWPTemperatureConverterViewController.m */,
				53CE979011C6E9E800594C94 /* TemperatureConverter.xib */,
				184FEA390DEF6D4D00887625 /* SWPWeightConverterViewController.h */,
				184FEA3A0DEF6D4D00887625 /* SWPWeightConverterViewController.m */,
				53CE979311C6E9EF00594C94 /* WeightConverter.xib */,
				280CEB680E38093400021185 /* SWPImperialPickerController.h */,
				280CEB690E38093400021185 /* SWPImperialPickerController.m */,
				280CEB6A0E38093400021185 /* SWPMetricPickerController.h */,
				280CEB6B0E38093400021185 /* SWPMetricPickerController.m */,
			);
			name = "Converter View Controllers";
			sourceTree = "<group>";
		};
		28EDDE630E043E7F0085763B /* Images */ = {
			isa = PBXGroup;
			children = (
				F69F5B3E14036565000EF070 /* navigation-background@2x.png */,
				539FF19511D41CB200EFF5ED /* Icon-72.png */,
				539FF19611D41CB200EFF5ED /* Icon-Small-50.png */,
				539FF19711D41CB200EFF5ED /* Icon-Small.png */,
				539FF19811D41CB200EFF5ED /* Icon-Small@2x.png */,
				539FF19911D41CB200EFF5ED /* Icon.png */,
				539FF19A11D41CB200EFF5ED /* Icon@2x.png */,
				539FF19B11D41CB200EFF5ED /* iTunesArtwork */,
			);
			name = Images;
			sourceTree = "<group>";
		};
		28EDDE6E0E043EF10085763B /* Application Resources */ = {
			isa = PBXGroup;
			children = (
				F6334AFD140221330012ADD5 /* Recipe Images */,
				282FFCBA0FC8AAB500A28FE2 /* Recipes.sqlite */,
				28963B7F0DFC8214005CC955 /* TemperatureData.plist */,
				8D1107310486CEB800E47090 /* Info.plist */,
			);
			name = "Application Resources";
			sourceTree = "<group>";
		};
		28FCBE8F0DE69AD4007A15C7 /* Model and Model Classes */ = {
			isa = PBXGroup;
			children = (
				F69F5B36140339B9000EF070 /* SWPExtractImagesMigrationPolicy.h */,
				F69F5B37140339B9000EF070 /* SWPExtractImagesMigrationPolicy.m */,
				F69F5B3414033951000EF070 /* RecipesV1toV2.xcmappingmodel */,
				F66BD8491401D03200A2F113 /* Recipes.xcdatamodeld */,
				28FCBE780DE69516007A15C7 /* SWPRecipe.h */,
				28FCBE790DE69516007A15C7 /* SWPRecipe.m */,
				2858E7090FC6583300DEACE0 /* SWPIngredient.h */,
				2858E70A0FC6583300DEACE0 /* SWPIngredient.m */,
			);
			name = "Model and Model Classes";
			sourceTree = "<group>";
		};
		29B97314FDCFA39411CA2CEA /* CustomTemplate */ = {
			isa = PBXGroup;
			children = (
				28CB440A0DF7129800C7BCF9 /* README */,
				F69F5B3014032CCF000EF070 /* Configuration */,
				28FCBE8F0DE69AD4007A15C7 /* Model and Model Classes */,
				F69F5B3914035E1F000EF070 /* Categories */,
				F69F5B3A14035E8A000EF070 /* Custom Controls */,
				286DDA180DE761A2005EF016 /* MainWindow */,
				080E96DDFE201D6D7F000001 /* Recipe View Controllers */,
				28E87BED0DF21E0D00EE412E /* Converter View Controllers */,
				966654DF0DED0F0D009F55E3 /* Table Cells */,
				28EDDE630E043E7F0085763B /* Images */,
				28EDDE6E0E043EF10085763B /* Application Resources */,
				29B97315FDCFA39411CA2CEA /* Other Sources */,
				29B97323FDCFA39411CA2CEA /* Frameworks */,
				19C28FACFE9D520D11CA2CBB /* Products */,
			);
			name = CustomTemplate;
			sourceTree = "<group>";
		};
		29B97315FDCFA39411CA2CEA /* Other Sources */ = {
			isa = PBXGroup;
			children = (
				32CA4F630368D1EE00C91783 /* Recipes_Prefix.pch */,
				29B97316FDCFA39411CA2CEA /* main.m */,
			);
			name = "Other Sources";
			sourceTree = "<group>";
		};
		29B97323FDCFA39411CA2CEA /* Frameworks */ = {
			isa = PBXGroup;
			children = (
				F6516D3313FF7D690022E6CE /* QuartzCore.framework */,
				28B35EC30FC5DCD100ED0C40 /* CoreData.framework */,
				28B35EC50FC5DCD100ED0C40 /* CoreGraphics.framework */,
				28B35EC70FC5DCD100ED0C40 /* Foundation.framework */,
				28B35EC90FC5DCD100ED0C40 /* UIKit.framework */,
			);
			name = Frameworks;
			sourceTree = "<group>";
		};
		966654DF0DED0F0D009F55E3 /* Table Cells */ = {
			isa = PBXGroup;
			children = (
				283EA3620DEE388300DBD352 /* SWPRecipeTableViewCell.h */,
				283EA3630DEE388300DBD352 /* SWPRecipeTableViewCell.m */,
				28963B430DFC7F5F005CC955 /* SWPTemperatureCell.h */,
				28963B440DFC7F5F005CC955 /* SWPTemperatureCell.m */,
				53CE979911C6EA0600594C94 /* TemperatureCell.xib */,
			);
			name = "Table Cells";
			sourceTree = "<group>";
		};
		F6334AFD140221330012ADD5 /* Recipe Images */ = {
			isa = PBXGroup;
			children = (
				F6334B0D140228570012ADD5 /* Cheesecake.png */,
				F6334AFF140221470012ADD5 /* ChocolateCake.png */,
				F6334B00140221470012ADD5 /* CrepesSuzette.png */,
				F6334B01140221470012ADD5 /* GaufresdeLiege.png */,
				F6334B03140221470012ADD5 /* Macarons.png */,
				F6334B04140221470012ADD5 /* TarteauxFraises.png */,
				F6334B05140221470012ADD5 /* ThreeBerryCobbler.png */,
			);
			name = "Recipe Images";
			sourceTree = "<group>";
		};
		F69F5B3014032CCF000EF070 /* Configuration */ = {
			isa = PBXGroup;
			children = (
				F69F5B3214032CEE000EF070 /* base.xcconfig */,
			);
			name = Configuration;
			sourceTree = "<group>";
		};
		F69F5B3914035E1F000EF070 /* Categories */ = {
			isa = PBXGroup;
			children = (
			);
			name = Categories;
			sourceTree = "<group>";
		};
		F69F5B3A14035E8A000EF070 /* Custom Controls */ = {
			isa = PBXGroup;
			children = (
				F69F5B3B14035EBA000EF070 /* SWPTexturedNavigationBar.h */,
				F69F5B3C14035EBA000EF070 /* SWPTexturedNavigationBar.m */,
			);
			name = "Custom Controls";
			sourceTree = "<group>";
		};
/* End PBXGroup section */

/* Begin PBXNativeTarget section */
		1D6058900D05DD3D006BFB54 /* Recipes */ = {
			isa = PBXNativeTarget;
			buildConfigurationList = 1D6058960D05DD3E006BFB54 /* Build configuration list for PBXNativeTarget "Recipes" */;
			buildPhases = (
				1D60588D0D05DD3D006BFB54 /* Resources */,
				1D60588E0D05DD3D006BFB54 /* Sources */,
				1D60588F0D05DD3D006BFB54 /* Frameworks */,
			);
			buildRules = (
			);
			dependencies = (
			);
			name = Recipes;
			productName = ChocolateCake;
			productReference = 1D6058910D05DD3D006BFB54 /* Recipes.app */;
			productType = "com.apple.product-type.application";
		};
/* End PBXNativeTarget section */

/* Begin PBXProject section */
		29B97313FDCFA39411CA2CEA /* Project object */ = {
			isa = PBXProject;
			attributes = {
				LastUpgradeCheck = 0420;
			};
			buildConfigurationList = C01FCF4E08A954540054247B /* Build configuration list for PBXProject "Recipes" */;
			compatibilityVersion = "Xcode 3.2";
			developmentRegion = English;
			hasScannedForEncodings = 1;
			knownRegions = (
				English,
				Japanese,
				French,
				German,
				en,
			);
			mainGroup = 29B97314FDCFA39411CA2CEA /* CustomTemplate */;
			projectDirPath = "";
			projectRoot = "";
			targets = (
				1D6058900D05DD3D006BFB54 /* Recipes */,
			);
		};
/* End PBXProject section */

/* Begin PBXResourcesBuildPhase section */
		1D60588D0D05DD3D006BFB54 /* Resources */ = {
			isa = PBXResourcesBuildPhase;
			buildActionMask = 2147483647;
			files = (
				28963B800DFC8214005CC955 /* TemperatureData.plist in Resources */,
				282FFCBB0FC8AAB500A28FE2 /* Recipes.sqlite in Resources */,
				53CE978611C6E99200594C94 /* MainWindow.xib in Resources */,
				53CE978911C6E9A200594C94 /* DetailHeaderView.xib in Resources */,
				53CE978F11C6E9DC00594C94 /* InstructionsView.xib in Resources */,
				53CE979211C6E9E800594C94 /* TemperatureConverter.xib in Resources */,
				53CE979511C6E9EF00594C94 /* WeightConverter.xib in Resources */,
				53CE979B11C6EA0600594C94 /* TemperatureCell.xib in Resources */,
				539FF19C11D41CB200EFF5ED /* Icon-72.png in Resources */,
				539FF19D11D41CB200EFF5ED /* Icon-Small-50.png in Resources */,
				539FF19E11D41CB200EFF5ED /* Icon-Small.png in Resources */,
				539FF19F11D41CB200EFF5ED /* Icon-Small@2x.png in Resources */,
				539FF1A011D41CB200EFF5ED /* Icon.png in Resources */,
				539FF1A111D41CB200EFF5ED /* Icon@2x.png in Resources */,
				539FF1A211D41CB200EFF5ED /* iTunesArtwork in Resources */,
				F6334B06140221470012ADD5 /* ChocolateCake.png in Resources */,
				F6334B07140221470012ADD5 /* CrepesSuzette.png in Resources */,
				F6334B08140221470012ADD5 /* GaufresdeLiege.png in Resources */,
				F6334B0A140221470012ADD5 /* Macarons.png in Resources */,
				F6334B0B140221470012ADD5 /* TarteauxFraises.png in Resources */,
				F6334B0C140221470012ADD5 /* ThreeBerryCobbler.png in Resources */,
				F6334B0E140228570012ADD5 /* Cheesecake.png in Resources */,
				F69F5B3314032CEE000EF070 /* base.xcconfig in Resources */,
				F69F5B3F14036565000EF070 /* navigation-background@2x.png in Resources */,
			);
			runOnlyForDeploymentPostprocessing = 0;
		};
/* End PBXResourcesBuildPhase section */

/* Begin PBXSourcesBuildPhase section */
		1D60588E0D05DD3D006BFB54 /* Sources */ = {
			isa = PBXSourcesBuildPhase;
			buildActionMask = 2147483647;
			files = (
				1D60589B0D05DD56006BFB54 /* main.m in Sources */,
				1D3623260D0F684500981E51 /* SWPRecipesAppDelegate.m in Sources */,
				28FCBE7A0DE69516007A15C7 /* SWPRecipe.m in Sources */,
				28FCBF0C0DE6A6C6007A15C7 /* SWPRecipeListTableViewController.m in Sources */,
				283EA3640DEE388300DBD352 /* SWPRecipeTableViewCell.m in Sources */,
				184FEA3D0DEF6D4D00887625 /* SWPUnitConverterTableViewController.m in Sources */,
				184FEA3E0DEF6D4D00887625 /* SWPWeightConverterViewController.m in Sources */,
				184FEA3F0DEF6D4D00887625 /* SWPTemperatureConverterViewController.m in Sources */,
				28963B450DFC7F5F005CC955 /* SWPTemperatureCell.m in Sources */,
				280CEB6C0E38093400021185 /* SWPImperialPickerController.m in Sources */,
				280CEB6D0E38093400021185 /* SWPMetricPickerController.m in Sources */,
				2858E6570FC63C2500DEACE0 /* SWPRecipeDetailViewController.m in Sources */,
				2858E66B0FC6404C00DEACE0 /* SWPInstructionsViewController.m in Sources */,
				2858E70B0FC6583300DEACE0 /* SWPIngredient.m in Sources */,
				F6B657891401D44C008DE9CD /* Recipes.xcdatamodeld in Sources */,
				F69F5B3514033951000EF070 /* RecipesV1toV2.xcmappingmodel in Sources */,
				F69F5B38140339B9000EF070 /* SWPExtractImagesMigrationPolicy.m in Sources */,
				F69F5B3D14035EBA000EF070 /* SWPTexturedNavigationBar.m in Sources */,
			);
			runOnlyForDeploymentPostprocessing = 0;
		};
/* End PBXSourcesBuildPhase section */

/* Begin PBXVariantGroup section */
		53CE978411C6E99200594C94 /* MainWindow.xib */ = {
			isa = PBXVariantGroup;
			children = (
				53CE978511C6E99200594C94 /* en */,
			);
			name = MainWindow.xib;
			sourceTree = "<group>";
		};
		53CE978711C6E9A200594C94 /* DetailHeaderView.xib */ = {
			isa = PBXVariantGroup;
			children = (
				53CE978811C6E9A200594C94 /* en */,
			);
			name = DetailHeaderView.xib;
			sourceTree = "<group>";
		};
		53CE978D11C6E9DC00594C94 /* InstructionsView.xib */ = {
			isa = PBXVariantGroup;
			children = (
				53CE978E11C6E9DC00594C94 /* en */,
			);
			name = InstructionsView.xib;
			sourceTree = "<group>";
		};
		53CE979011C6E9E800594C94 /* TemperatureConverter.xib */ = {
			isa = PBXVariantGroup;
			children = (
				53CE979111C6E9E800594C94 /* en */,
			);
			name = TemperatureConverter.xib;
			sourceTree = "<group>";
		};
		53CE979311C6E9EF00594C94 /* WeightConverter.xib */ = {
			isa = PBXVariantGroup;
			children = (
				53CE979411C6E9EF00594C94 /* en */,
			);
			name = WeightConverter.xib;
			sourceTree = "<group>";
		};
		53CE979911C6EA0600594C94 /* TemperatureCell.xib */ = {
			isa = PBXVariantGroup;
			children = (
				53CE979A11C6EA0600594C94 /* en */,
			);
			name = TemperatureCell.xib;
			sourceTree = "<group>";
		};
/* End PBXVariantGroup section */

/* Begin XCBuildConfiguration section */
		1D6058940D05DD3E006BFB54 /* Debug */ = {
			isa = XCBuildConfiguration;
			buildSettings = {
				ALWAYS_SEARCH_USER_PATHS = NO;
				COPY_PHASE_STRIP = NO;
				GCC_DYNAMIC_NO_PIC = NO;
				GCC_OPTIMIZATION_LEVEL = 0;
				GCC_PRECOMPILE_PREFIX_HEADER = YES;
				GCC_PREFIX_HEADER = Recipes_Prefix.pch;
				INFOPLIST_FILE = Info.plist;
				IPHONEOS_DEPLOYMENT_TARGET = 4.3;
				PRODUCT_NAME = Recipes;
				SDKROOT = iphoneos;
			};
			name = Debug;
		};
		1D6058950D05DD3E006BFB54 /* Release */ = {
			isa = XCBuildConfiguration;
			buildSettings = {
				ALWAYS_SEARCH_USER_PATHS = NO;
				COPY_PHASE_STRIP = YES;
				GCC_PRECOMPILE_PREFIX_HEADER = YES;
				GCC_PREFIX_HEADER = Recipes_Prefix.pch;
				INFOPLIST_FILE = Info.plist;
				IPHONEOS_DEPLOYMENT_TARGET = 4.3;
				PRODUCT_NAME = Recipes;
				SDKROOT = iphoneos;
			};
			name = Release;
		};
		C01FCF4F08A954540054247B /* Debug */ = {
			isa = XCBuildConfiguration;
			baseConfigurationReference = F69F5B3214032CEE000EF070 /* base.xcconfig */;
			buildSettings = {
				ARCHS = "$(ARCHS_STANDARD_32_BIT)";
				"CODE_SIGN_IDENTITY[sdk=iphoneos*]" = "iPhone Developer";
				GCC_C_LANGUAGE_STANDARD = c99;
				GCC_VERSION = com.apple.compilers.llvm.clang.1_0;
				GCC_WARN_ABOUT_RETURN_TYPE = YES;
				GCC_WARN_UNUSED_VARIABLE = YES;
				IPHONEOS_DEPLOYMENT_TARGET = 4.3;
				ONLY_ACTIVE_ARCH = YES;
				RUN_CLANG_STATIC_ANALYZER = YES;
				SDKROOT = iphoneos;
			};
			name = Debug;
		};
		C01FCF5008A954540054247B /* Release */ = {
			isa = XCBuildConfiguration;
			baseConfigurationReference = F69F5B3214032CEE000EF070 /* base.xcconfig */;
			buildSettings = {
				ARCHS = "$(ARCHS_STANDARD_32_BIT)";
				"CODE_SIGN_IDENTITY[sdk=iphoneos*]" = "iPhone Developer";
				GCC_C_LANGUAGE_STANDARD = c99;
				GCC_VERSION = com.apple.compilers.llvm.clang.1_0;
				GCC_WARN_ABOUT_RETURN_TYPE = YES;
				GCC_WARN_UNUSED_VARIABLE = YES;
				IPHONEOS_DEPLOYMENT_TARGET = 4.3;
				RUN_CLANG_STATIC_ANALYZER = YES;
				SDKROOT = iphoneos;
			};
			name = Release;
		};
/* End XCBuildConfiguration section */

/* Begin XCConfigurationList section */
		1D6058960D05DD3E006BFB54 /* Build configuration list for PBXNativeTarget "Recipes" */ = {
			isa = XCConfigurationList;
			buildConfigurations = (
				1D6058940D05DD3E006BFB54 /* Debug */,
				1D6058950D05DD3E006BFB54 /* Release */,
			);
			defaultConfigurationIsVisible = 0;
			defaultConfigurationName = Release;
		};
		C01FCF4E08A954540054247B /* Build configuration list for PBXProject "Recipes" */ = {
			isa = XCConfigurationList;
			buildConfigurations = (
				C01FCF4F08A954540054247B /* Debug */,
				C01FCF5008A954540054247B /* Release */,
			);
			defaultConfigurationIsVisible = 0;
			defaultConfigurationName = Release;
		};
/* End XCConfigurationList section */

/* Begin XCVersionGroup section */
		F66BD8491401D03200A2F113 /* Recipes.xcdatamodeld */ = {
			isa = XCVersionGroup;
			children = (
				F66BD84A1401D03200A2F113 /* Recipesv2.xcdatamodel */,
				F66BD84B1401D03200A2F113 /* Recipes.xcdatamodel */,
			);
			currentVersion = F66BD84A1401D03200A2F113 /* Recipesv2.xcdatamodel */;
			path = Recipes.xcdatamodeld;
			sourceTree = "<group>";
			versionGroupType = wrapper.xcdatamodel;
		};
/* End XCVersionGroup section */
	};
	rootObject = 29B97313FDCFA39411CA2CEA /* Project object */;
}
